
Microsoft Visual Studio Solution File, Format Version 12.00
# Visual Studio 15
VisualStudioVersion = 15.0.27703.2018
MinimumVisualStudioVersion = 10.0.40219.1
Project("{FAE04EC0-301F-11D3-BF4B-00C04F79EFBC}") = "GUI", "GUI\GUI.csproj", "{FA2E3109-EFB5-486E-9D66-257A7D97DC3C}"
EndProject
Project("{FAE04EC0-301F-11D3-BF4B-00C04F79EFBC}") = "TODO.Domain", "BLL\TODO.Domain.csproj", "{BD9050F7-FF70-47AF-AE20-835FDBEC4168}"
EndProject
Project("{FAE04EC0-301F-11D3-BF4B-00C04F79EFBC}") = "Repository", "Repository\Repository.csproj", "{A1131C1C-C50D-450D-A7E3-8D10AF97AD19}"
EndProject
Project("{FAE04EC0-301F-11D3-BF4B-00C04F79EFBC}") = "Service", "Service\Service.csproj", "{D4DA08FC-AFC0-4DD1-BE9E-79FCDE3A5F13}"
EndProject
Global
	GlobalSection(SolutionConfigurationPlatforms) = preSolution
		Debug|Any CPU = Debug|Any CPU
		Release|Any CPU = Release|Any CPU
	EndGlobalSection
	GlobalSection(ProjectConfigurationPlatforms) = postSolution
		{FA2E3109-EFB5-486E-9D66-257A7D97DC3C}.Debug|Any CPU.ActiveCfg = Debug|Any CPU
		{FA2E3109-EFB5-486E-9D66-257A7D97DC3C}.Debug|Any CPU.Build.0 = Debug|Any CPU
		{FA2E3109-EFB5-486E-9D66-257A7D97DC3C}.Release|Any CPU.ActiveCfg = Release|Any CPU
		{FA2E3109-EFB5-486E-9D66-257A7D97DC3C}.Release|Any CPU.Build.0 = Release|Any CPU
		{BD9050F7-FF70-47AF-AE20-835FDBEC4168}.Debug|Any CPU.ActiveCfg = Debug|Any CPU
		{BD9050F7-FF70-47AF-AE20-835FDBEC4168}.Debug|Any CPU.Build.0 = Debug|Any CPU
		{BD9050F7-FF70-47AF-AE20-835FDBEC4168}.Release|Any CPU.ActiveCfg = Release|Any CPU
		{BD9050F7-FF70-47AF-AE20-835FDBEC4168}.Release|Any CPU.Build.0 = Release|Any CPU
		{A1131C1C-C50D-450D-A7E3-8D10AF97AD19}.Debug|Any CPU.ActiveCfg = Debug|Any CPU
		{A1131C1C-C50D-450D-A7E3-8D10AF97AD19}.Debug|Any CPU.Build.0 = Debug|Any CPU
		{A1131C1C-C50D-450D-A7E3-8D10AF97AD19}.Release|Any CPU.ActiveCfg = Release|Any CPU
		{A1131C1C-C50D-450D-A7E3-8D10AF97AD19}.Release|Any CPU.Build.0 = Release|Any CPU
		{D4DA08FC-AFC0-4DD1-BE9E-79FCDE3A5F13}.Debug|Any CPU.ActiveCfg = Debug|Any CPU
		{D4DA08FC-AFC0-4DD1-BE9E-79FCDE3A5F13}.Debug|Any CPU.Build.0 = Debug|Any CPU
		{D4DA08FC-AFC0-4DD1-BE9E-79FCDE3A5F13}.Release|Any CPU.ActiveCfg = Release|Any CPU
		{D4DA08FC-AFC0-4DD1-BE9E-79FCDE3A5F13}.Release|Any CPU.Build.0 = Release|Any CPU
	EndGlobalSection
	GlobalSection(SolutionProperties) = preSolution
		HideSolutionNode = FALSE
	EndGlobalSection
	GlobalSection(ExtensibilityGlobals) = postSolution
		SolutionGuid = {406B29E4-D564-49C2-88BD-0C35574A8950}
	EndGlobalSection
EndGlobal
